// !$*UTF8*$!
{
	archiveVersion = 1;
	classes = {
	};
	objectVersion = 55;
	objects = {

/* Begin PBXBuildFile section */
		FB62EECB276BCE0C00BDB70D /* AppDelegate.swift in Sources */ = {isa = PBXBuildFile; fileRef = FB62EECA276BCE0C00BDB70D /* AppDelegate.swift */; };
		FB62EECD276BCE0C00BDB70D /* SceneDelegate.swift in Sources */ = {isa = PBXBuildFile; fileRef = FB62EECC276BCE0C00BDB70D /* SceneDelegate.swift */; };
		FB62EECF276BCE0C00BDB70D /* MainScreenVC.swift in Sources */ = {isa = PBXBuildFile; fileRef = FB62EECE276BCE0C00BDB70D /* MainScreenVC.swift */; };
		FB62EED2276BCE0C00BDB70D /* Main.storyboard in Resources */ = {isa = PBXBuildFile; fileRef = FB62EED0276BCE0C00BDB70D /* Main.storyboard */; };
		FB62EED4276BCE0C00BDB70D /* Assets.xcassets in Resources */ = {isa = PBXBuildFile; fileRef = FB62EED3276BCE0C00BDB70D /* Assets.xcassets */; };
		FB62EED7276BCE0C00BDB70D /* LaunchScreen.storyboard in Resources */ = {isa = PBXBuildFile; fileRef = FB62EED5276BCE0C00BDB70D /* LaunchScreen.storyboard */; };
		FB834E852770F26900105999 /* ConvertCurrency.swift in Sources */ = {isa = PBXBuildFile; fileRef = FB834E842770F26900105999 /* ConvertCurrency.swift */; };
		FBDAA3AE2798BD6500CB89B7 /* Extensions.swift in Sources */ = {isa = PBXBuildFile; fileRef = FBDAA3AD2798BD6500CB89B7 /* Extensions.swift */; };
		FBEA9C40276E7346004BF24C /* Constants.swift in Sources */ = {isa = PBXBuildFile; fileRef = FBEA9C3F276E7346004BF24C /* Constants.swift */; };
		FBEAD4B22772346F00DDD50E /* CurrencyListVC.swift in Sources */ = {isa = PBXBuildFile; fileRef = FBEAD4B12772346F00DDD50E /* CurrencyListVC.swift */; };
		FBEAD4B427723A8900DDD50E /* Indicator.swift in Sources */ = {isa = PBXBuildFile; fileRef = FBEAD4B327723A8900DDD50E /* Indicator.swift */; };
/* End PBXBuildFile section */

/* Begin PBXFileReference section */
		FB62EEC7276BCE0C00BDB70D /* Converter.app */ = {isa = PBXFileReference; explicitFileType = wrapper.application; includeInIndex = 0; path = Converter.app; sourceTree = BUILT_PRODUCTS_DIR; };
		FB62EECA276BCE0C00BDB70D /* AppDelegate.swift */ = {isa = PBXFileReference; lastKnownFileType = sourcecode.swift; path = AppDelegate.swift; sourceTree = "<group>"; };
		FB62EECC276BCE0C00BDB70D /* SceneDelegate.swift */ = {isa = PBXFileReference; lastKnownFileType = sourcecode.swift; path = SceneDelegate.swift; sourceTree = "<group>"; };
		FB62EECE276BCE0C00BDB70D /* MainScreenVC.swift */ = {isa = PBXFileReference; lastKnownFileType = sourcecode.swift; path = MainScreenVC.swift; sourceTree = "<group>"; };
		FB62EED1276BCE0C00BDB70D /* Base */ = {isa = PBXFileReference; lastKnownFileType = file.storyboard; name = Base; path = Base.lproj/Main.storyboard; sourceTree = "<group>"; };
		FB62EED3276BCE0C00BDB70D /* Assets.xcassets */ = {isa = PBXFileReference; lastKnownFileType = folder.assetcatalog; path = Assets.xcassets; sourceTree = "<group>"; };
		FB62EED6276BCE0C00BDB70D /* Base */ = {isa = PBXFileReference; lastKnownFileType = file.storyboard; name = Base; path = Base.lproj/LaunchScreen.storyboard; sourceTree = "<group>"; };
		FB62EED8276BCE0C00BDB70D /* Info.plist */ = {isa = PBXFileReference; lastKnownFileType = text.plist.xml; path = Info.plist; sourceTree = "<group>"; };
		FB834E842770F26900105999 /* ConvertCurrency.swift */ = {isa = PBXFileReference; lastKnownFileType = sourcecode.swift; path = ConvertCurrency.swift; sourceTree = "<group>"; };
		FBDAA3AD2798BD6500CB89B7 /* Extensions.swift */ = {isa = PBXFileReference; lastKnownFileType = sourcecode.swift; path = Extensions.swift; sourceTree = "<group>"; };
		FBEA9C3F276E7346004BF24C /* Constants.swift */ = {isa = PBXFileReference; lastKnownFileType = sourcecode.swift; path = Constants.swift; sourceTree = "<group>"; };
		FBEAD4B12772346F00DDD50E /* CurrencyListVC.swift */ = {isa = PBXFileReference; lastKnownFileType = sourcecode.swift; path = CurrencyListVC.swift; sourceTree = "<group>"; };
		FBEAD4B327723A8900DDD50E /* Indicator.swift */ = {isa = PBXFileReference; lastKnownFileType = sourcecode.swift; path = Indicator.swift; sourceTree = "<group>"; };
/* End PBXFileReference section */

/* Begin PBXFrameworksBuildPhase section */
		FB62EEC4276BCE0C00BDB70D /* Frameworks */ = {
			isa = PBXFrameworksBuildPhase;
			buildActionMask = 2147483647;
			files = (
			);
			runOnlyForDeploymentPostprocessing = 0;
		};
/* End PBXFrameworksBuildPhase section */

/* Begin PBXGroup section */
		FB62EEBE276BCE0C00BDB70D = {
			isa = PBXGroup;
			children = (
				FB62EEC9276BCE0C00BDB70D /* Converter */,
				FB62EEC8276BCE0C00BDB70D /* Products */,
			);
			sourceTree = "<group>";
		};
		FB62EEC8276BCE0C00BDB70D /* Products */ = {
			isa = PBXGroup;
			children = (
				FB62EEC7276BCE0C00BDB70D /* Converter.app */,
			);
			name = Products;
			sourceTree = "<group>";
		};
		FB62EEC9276BCE0C00BDB70D /* Converter */ = {
			isa = PBXGroup;
			children = (
				FB62EED8276BCE0C00BDB70D /* Info.plist */,
				FBEA9C48276E7545004BF24C /* Support */,
				FB6E01C72778680F006D40C3 /* View */,
				FBEA9C41276E73B0004BF24C /* Model */,
				FBEAD4B627723B7C00DDD50E /* Controllers */,
				FBEAD4B527723B3B00DDD50E /* Helpers */,
			);
			path = Converter;
			sourceTree = "<group>";
		};
		FB6E01C72778680F006D40C3 /* View */ = {
			isa = PBXGroup;
			children = (
				FB62EED0276BCE0C00BDB70D /* Main.storyboard */,
			);
			path = View;
			sourceTree = "<group>";
		};
		FBEA9C41276E73B0004BF24C /* Model */ = {
			isa = PBXGroup;
			children = (
				FB834E842770F26900105999 /* ConvertCurrency.swift */,
			);
			path = Model;
			sourceTree = "<group>";
		};
		FBEA9C48276E7545004BF24C /* Support */ = {
			isa = PBXGroup;
			children = (
				FB62EECA276BCE0C00BDB70D /* AppDelegate.swift */,
				FB62EECC276BCE0C00BDB70D /* SceneDelegate.swift */,
				FB62EED3276BCE0C00BDB70D /* Assets.xcassets */,
				FB62EED5276BCE0C00BDB70D /* LaunchScreen.storyboard */,
			);
			path = Support;
			sourceTree = "<group>";
		};
		FBEAD4B527723B3B00DDD50E /* Helpers */ = {
			isa = PBXGroup;
			children = (
				FBEAD4B327723A8900DDD50E /* Indicator.swift */,
				FBEA9C3F276E7346004BF24C /* Constants.swift */,
				FBDAA3AD2798BD6500CB89B7 /* Extensions.swift */,
			);
			path = Helpers;
			sourceTree = "<group>";
		};
		FBEAD4B627723B7C00DDD50E /* Controllers */ = {
			isa = PBXGroup;
			children = (
				FB62EECE276BCE0C00BDB70D /* MainScreenVC.swift */,
				FBEAD4B12772346F00DDD50E /* CurrencyListVC.swift */,
			);
			path = Controllers;
			sourceTree = "<group>";
		};
/* End PBXGroup section */

/* Begin PBXNativeTarget section */
		FB62EEC6276BCE0C00BDB70D /* Converter */ = {
			isa = PBXNativeTarget;
			buildConfigurationList = FB62EEDB276BCE0C00BDB70D /* Build configuration list for PBXNativeTarget "Converter" */;
			buildPhases = (
				FB62EEC3276BCE0C00BDB70D /* Sources */,
				FB62EEC4276BCE0C00BDB70D /* Frameworks */,
				FB62EEC5276BCE0C00BDB70D /* Resources */,
			);
			buildRules = (
			);
			dependencies = (
			);
			name = Converter;
			productName = Converter;
			productReference = FB62EEC7276BCE0C00BDB70D /* Converter.app */;
			productType = "com.apple.product-type.application";
		};
/* End PBXNativeTarget section */

/* Begin PBXProject section */
		FB62EEBF276BCE0C00BDB70D /* Project object */ = {
			isa = PBXProject;
			attributes = {
				BuildIndependentTargetsInParallel = 1;
				LastSwiftUpdateCheck = 1320;
				LastUpgradeCheck = 1320;
				TargetAttributes = {
					FB62EEC6276BCE0C00BDB70D = {
						CreatedOnToolsVersion = 13.2;
					};
				};
			};
			buildConfigurationList = FB62EEC2276BCE0C00BDB70D /* Build configuration list for PBXProject "Converter" */;
			compatibilityVersion = "Xcode 13.0";
			developmentRegion = en;
			hasScannedForEncodings = 0;
			knownRegions = (
				en,
				Base,
			);
			mainGroup = FB62EEBE276BCE0C00BDB70D;
			productRefGroup = FB62EEC8276BCE0C00BDB70D /* Products */;
			projectDirPath = "";
			projectRoot = "";
			targets = (
				FB62EEC6276BCE0C00BDB70D /* Converter */,
			);
		};
/* End PBXProject section */

/* Begin PBXResourcesBuildPhase section */
		FB62EEC5276BCE0C00BDB70D /* Resources */ = {
			isa = PBXResourcesBuildPhase;
			buildActionMask = 2147483647;
			files = (
				FB62EED7276BCE0C00BDB70D /* LaunchScreen.storyboard in Resources */,
				FB62EED4276BCE0C00BDB70D /* Assets.xcassets in Resources */,
				FB62EED2276BCE0C00BDB70D /* Main.storyboard in Resources */,
			);
			runOnlyForDeploymentPostprocessing = 0;
		};
/* End PBXResourcesBuildPhase section */

/* Begin PBXSourcesBuildPhase section */
		FB62EEC3276BCE0C00BDB70D /* Sources */ = {
			isa = PBXSourcesBuildPhase;
			buildActionMask = 2147483647;
			files = (
				FB834E852770F26900105999 /* ConvertCurrency.swift in Sources */,
				FB62EECF276BCE0C00BDB70D /* MainScreenVC.swift in Sources */,
				FB62EECB276BCE0C00BDB70D /* AppDelegate.swift in Sources */,
				FBEAD4B22772346F00DDD50E /* CurrencyListVC.swift in Sources */,
				FBDAA3AE2798BD6500CB89B7 /* Extensions.swift in Sources */,
				FB62EECD276BCE0C00BDB70D /* SceneDelegate.swift in Sources */,
				FBEAD4B427723A8900DDD50E /* Indicator.swift in Sources */,
				FBEA9C40276E7346004BF24C /* Constants.swift in Sources */,
			);
			runOnlyForDeploymentPostprocessing = 0;
		};
/* End PBXSourcesBuildPhase section */

/* Begin PBXVariantGroup section */
		FB62EED0276BCE0C00BDB70D /* Main.storyboard */ = {
			isa = PBXVariantGroup;
			children = (
				FB62EED1276BCE0C00BDB70D /* Base */,
			);
			name = Main.storyboard;
			sourceTree = "<group>";
		};
		FB62EED5276BCE0C00BDB70D /* LaunchScreen.storyboard */ = {
			isa = PBXVariantGroup;
			children = (
				FB62EED6276BCE0C00BDB70D /* Base */,
			);
			name = LaunchScreen.storyboard;
			sourceTree = "<group>";
		};
/* End PBXVariantGroup section */

/* Begin XCBuildConfiguration section */
		FB62EED9276BCE0C00BDB70D /* Debug */ = {
			isa = XCBuildConfiguration;
			buildSettings = {
				ALWAYS_SEARCH_USER_PATHS = NO;
				CLANG_ANALYZER_NONNULL = YES;
				CLANG_ANALYZER_NUMBER_OBJECT_CONVERSION = YES_AGGRESSIVE;
				CLANG_CXX_LANGUAGE_STANDARD = "gnu++17";
				CLANG_CXX_LIBRARY = "libc++";
				CLANG_ENABLE_MODULES = YES;
				CLANG_ENABLE_OBJC_ARC = YES;
				CLANG_ENABLE_OBJC_WEAK = YES;
				CLANG_WARN_BLOCK_CAPTURE_AUTORELEASING = YES;
				CLANG_WARN_BOOL_CONVERSION = YES;
				CLANG_WARN_COMMA = YES;
				CLANG_WARN_CONSTANT_CONVERSION = YES;
				CLANG_WARN_DEPRECATED_OBJC_IMPLEMENTATIONS = YES;
				CLANG_WARN_DIRECT_OBJC_ISA_USAGE = YES_ERROR;
				CLANG_WARN_DOCUMENTATION_COMMENTS = YES;
				CLANG_WARN_EMPTY_BODY = YES;
				CLANG_WARN_ENUM_CONVERSION = YES;
				CLANG_WARN_INFINITE_RECURSION = YES;
				CLANG_WARN_INT_CONVERSION = YES;
				CLANG_WARN_NON_LITERAL_NULL_CONVERSION = YES;
				CLANG_WARN_OBJC_IMPLICIT_RETAIN_SELF = YES;
				CLANG_WARN_OBJC_LITERAL_CONVERSION = YES;
				CLANG_WARN_OBJC_ROOT_CLASS = YES_ERROR;
				CLANG_WARN_QUOTED_INCLUDE_IN_FRAMEWORK_HEADER = YES;
				CLANG_WARN_RANGE_LOOP_ANALYSIS = YES;
				CLANG_WARN_STRICT_PROTOTYPES = YES;
				CLANG_WARN_SUSPICIOUS_MOVE = YES;
				CLANG_WARN_UNGUARDED_AVAILABILITY = YES_AGGRESSIVE;
				CLANG_WARN_UNREACHABLE_CODE = YES;
				CLANG_WARN__DUPLICATE_METHOD_MATCH = YES;
				COPY_PHASE_STRIP = NO;
				DEBUG_INFORMATION_FORMAT = dwarf;
				ENABLE_STRICT_OBJC_MSGSEND = YES;
				ENABLE_TESTABILITY = YES;
				GCC_C_LANGUAGE_STANDARD = gnu11;
				GCC_DYNAMIC_NO_PIC = NO;
				GCC_NO_COMMON_BLOCKS = YES;
				GCC_OPTIMIZATION_LEVEL = 0;
				GCC_PREPROCESSOR_DEFINITIONS = (
					"DEBUG=1",
					"$(inherited)",
				);
				GCC_WARN_64_TO_32_BIT_CONVERSION = YES;
				GCC_WARN_ABOUT_RETURN_TYPE = YES_ERROR;
				GCC_WARN_UNDECLARED_SELECTOR = YES;
				GCC_WARN_UNINITIALIZED_AUTOS = YES_AGGRESSIVE;
				GCC_WARN_UNUSED_FUNCTION = YES;
				GCC_WARN_UNUSED_VARIABLE = YES;
				IPHONEOS_DEPLOYMENT_TARGET = 15.2;
				MTL_ENABLE_DEBUG_INFO = INCLUDE_SOURCE;
				MTL_FAST_MATH = YES;
				ONLY_ACTIVE_ARCH = YES;
				SDKROOT = iphoneos;
				SWIFT_ACTIVE_COMPILATION_CONDITIONS = DEBUG;
				SWIFT_OPTIMIZATION_LEVEL = "-Onone";
			};
			name = Debug;
		};
		FB62EEDA276BCE0C00BDB70D /* Release */ = {
			isa = XCBuildConfiguration;
			buildSettings = {
				ALWAYS_SEARCH_USER_PATHS = NO;
				CLANG_ANALYZER_NONNULL = YES;
				CLANG_ANALYZER_NUMBER_OBJECT_CONVERSION = YES_AGGRESSIVE;
				CLANG_CXX_LANGUAGE_STANDARD = "gnu++17";
				CLANG_CXX_LIBRARY = "libc++";
				CLANG_ENABLE_MODULES = YES;
				CLANG_ENABLE_OBJC_ARC = YES;
				CLANG_ENABLE_OBJC_WEAK = YES;
				CLANG_WARN_BLOCK_CAPTURE_AUTORELEASING = YES;
				CLANG_WARN_BOOL_CONVERSION = YES;
				CLANG_WARN_COMMA = YES;
				CLANG_WARN_CONSTANT_CONVERSION = YES;
				CLANG_WARN_DEPRECATED_OBJC_IMPLEMENTATIONS = YES;
				CLANG_WARN_DIRECT_OBJC_ISA_USAGE = YES_ERROR;
				CLANG_WARN_DOCUMENTATION_COMMENTS = YES;
				CLANG_WARN_EMPTY_BODY = YES;
				CLANG_WARN_ENUM_CONVERSION = YES;
				CLANG_WARN_INFINITE_RECURSION = YES;
				CLANG_WARN_INT_CONVERSION = YES;
				CLANG_WARN_NON_LITERAL_NULL_CONVERSION = YES;
				CLANG_WARN_OBJC_IMPLICIT_RETAIN_SELF = YES;
				CLANG_WARN_OBJC_LITERAL_CONVERSION = YES;
				CLANG_WARN_OBJC_ROOT_CLASS = YES_ERROR;
				CLANG_WARN_QUOTED_INCLUDE_IN_FRAMEWORK_HEADER = YES;
				CLANG_WARN_RANGE_LOOP_ANALYSIS = YES;
				CLANG_WARN_STRICT_PROTOTYPES = YES;
				CLANG_WARN_SUSPICIOUS_MOVE = YES;
				CLANG_WARN_UNGUARDED_AVAILABILITY = YES_AGGRESSIVE;
				CLANG_WARN_UNREACHABLE_CODE = YES;
				CLANG_WARN__DUPLICATE_METHOD_MATCH = YES;
				COPY_PHASE_STRIP = NO;
				DEBUG_INFORMATION_FORMAT = "dwarf-with-dsym";
				ENABLE_NS_ASSERTIONS = NO;
				ENABLE_STRICT_OBJC_MSGSEND = YES;
				GCC_C_LANGUAGE_STANDARD = gnu11;
				GCC_NO_COMMON_BLOCKS = YES;
				GCC_WARN_64_TO_32_BIT_CONVERSION = YES;
				GCC_WARN_ABOUT_RETURN_TYPE = YES_ERROR;
				GCC_WARN_UNDECLARED_SELECTOR = YES;
				GCC_WARN_UNINITIALIZED_AUTOS = YES_AGGRESSIVE;
				GCC_WARN_UNUSED_FUNCTION = YES;
				GCC_WARN_UNUSED_VARIABLE = YES;
				IPHONEOS_DEPLOYMENT_TARGET = 15.2;
				MTL_ENABLE_DEBUG_INFO = NO;
				MTL_FAST_MATH = YES;
				SDKROOT = iphoneos;
				SWIFT_COMPILATION_MODE = wholemodule;
				SWIFT_OPTIMIZATION_LEVEL = "-O";
				VALIDATE_PRODUCT = YES;
			};
			name = Release;
		};
		FB62EEDC276BCE0C00BDB70D /* Debug */ = {
			isa = XCBuildConfiguration;
			buildSettings = {
				ASSETCATALOG_COMPILER_APPICON_NAME = AppIcon;
				ASSETCATALOG_COMPILER_GLOBAL_ACCENT_COLOR_NAME = AccentColor;
				CODE_SIGN_STYLE = Automatic;
				CURRENT_PROJECT_VERSION = 1;
				DEVELOPMENT_TEAM = 5239QLQND2;
				GENERATE_INFOPLIST_FILE = YES;
				INFOPLIST_FILE = Converter/Info.plist;
				INFOPLIST_KEY_UIApplicationSupportsIndirectInputEvents = YES;
				INFOPLIST_KEY_UILaunchStoryboardName = LaunchScreen;
				INFOPLIST_KEY_UIMainStoryboardFile = Main;
				INFOPLIST_KEY_UISupportedInterfaceOrientations_iPad = "UIInterfaceOrientationPortrait UIInterfaceOrientationPortraitUpsideDown UIInterfaceOrientationLandscapeLeft UIInterfaceOrientationLandscapeRight";
				INFOPLIST_KEY_UISupportedInterfaceOrientations_iPhone = "UIInterfaceOrientationPortrait UIInterfaceOrientationLandscapeLeft UIInterfaceOrientationLandscapeRight";
				IPHONEOS_DEPLOYMENT_TARGET = 10.0;
				LD_RUNPATH_SEARCH_PATHS = (
					"$(inherited)",
					"@executable_path/Frameworks",
				);
				MARKETING_VERSION = 1.0;
				PRODUCT_BUNDLE_IDENTIFIER = com.nikitanesporov.Converter;
				PRODUCT_NAME = "$(TARGET_NAME)";
				SWIFT_EMIT_LOC_STRINGS = YES;
				SWIFT_VERSION = 5.0;
				TARGETED_DEVICE_FAMILY = "1,2";
			};
			name = Debug;
		};
		FB62EEDD276BCE0C00BDB70D /* Release */ = {
			isa = XCBuildConfiguration;
			buildSettings = {
				ASSETCATALOG_COMPILER_APPICON_NAME = AppIcon;
				ASSETCATALOG_COMPILER_GLOBAL_ACCENT_COLOR_NAME = AccentColor;
				CODE_SIGN_STYLE = Automatic;
				CURRENT_PROJECT_VERSION = 1;
				DEVELOPMENT_TEAM = 5239QLQND2;
				GENERATE_INFOPLIST_FILE = YES;
				INFOPLIST_FILE = Converter/Info.plist;
				INFOPLIST_KEY_UIApplicationSupportsIndirectInputEvents = YES;
				INFOPLIST_KEY_UILaunchStoryboardName = LaunchScreen;
				INFOPLIST_KEY_UIMainStoryboardFile = Main;
				INFOPLIST_KEY_UISupportedInterfaceOrientations_iPad = "UIInterfaceOrientationPortrait UIInterfaceOrientationPortraitUpsideDown UIInterfaceOrientationLandscapeLeft UIInterfaceOrientationLandscapeRight";
				INFOPLIST_KEY_UISupportedInterfaceOrientations_iPhone = "UIInterfaceOrientationPortrait UIInterfaceOrientationLandscapeLeft UIInterfaceOrientationLandscapeRight";
				IPHONEOS_DEPLOYMENT_TARGET = 10.0;
				LD_RUNPATH_SEARCH_PATHS = (
					"$(inherited)",
					"@executable_path/Frameworks",
				);
				MARKETING_VERSION = 1.0;
				PRODUCT_BUNDLE_IDENTIFIER = com.nikitanesporov.Converter;
				PRODUCT_NAME = "$(TARGET_NAME)";
				SWIFT_EMIT_LOC_STRINGS = YES;
				SWIFT_VERSION = 5.0;
				TARGETED_DEVICE_FAMILY = "1,2";
			};
			name = Release;
		};
/* End XCBuildConfiguration section */

/* Begin XCConfigurationList section */
		FB62EEC2276BCE0C00BDB70D /* Build configuration list for PBXProject "Converter" */ = {
			isa = XCConfigurationList;
			buildConfigurations = (
				FB62EED9276BCE0C00BDB70D /* Debug */,
				FB62EEDA276BCE0C00BDB70D /* Release */,
			);
			defaultConfigurationIsVisible = 0;
			defaultConfigurationName = Release;
		};
		FB62EEDB276BCE0C00BDB70D /* Build configuration list for PBXNativeTarget "Converter" */ = {
			isa = XCConfigurationList;
			buildConfigurations = (
				FB62EEDC276BCE0C00BDB70D /* Debug */,
				FB62EEDD276BCE0C00BDB70D /* Release */,
			);
			defaultConfigurationIsVisible = 0;
			defaultConfigurationName = Release;
		};
/* End XCConfigurationList section */
	};
	rootObject = FB62EEBF276BCE0C00BDB70D /* Project object */;
}
